
Microsoft Visual Studio Solution File, Format Version 12.00
# Visual Studio Version 17
VisualStudioVersion = 17.12.35527.113
MinimumVisualStudioVersion = 10.0.40219.1
Project("{FAE04EC0-301F-11D3-BF4B-00C04F79EFBC}") = "FirsConsole", "FirsConsole\FirsConsole.csproj", "{30494E72-FA3B-48A7-A79D-68D5DD5984BF}"
EndProject
Project("{FAE04EC0-301F-11D3-BF4B-00C04F79EFBC}") = "DegiskenTanimlama", "DegiskenTanimlama\DegiskenTanimlama.csproj", "{4F59BDA8-D6B4-43CF-9288-2091C706E38A}"
EndProject
Project("{FAE04EC0-301F-11D3-BF4B-00C04F79EFBC}") = "alistirmalar", "alistirmalar\alistirmalar.csproj", "{702B8FC3-8AA9-46F5-BEF1-F59FC4628832}"
EndProject
Project("{FAE04EC0-301F-11D3-BF4B-00C04F79EFBC}") = "tryCatch", "tryCatch\tryCatch.csproj", "{6B1146C9-6748-4058-B79D-38D92F37643D}"
EndProject
Project("{FAE04EC0-301F-11D3-BF4B-00C04F79EFBC}") = "diziler", "diziler\diziler.csproj", "{1A1BA847-1319-4DAB-96A3-A32536D220FB}"
EndProject
Project("{FAE04EC0-301F-11D3-BF4B-00C04F79EFBC}") = "listeler", "listeler\listeler.csproj", "{4BBA208D-2BD3-4B03-B79A-41F40EB2A3B4}"
EndProject
Project("{FAE04EC0-301F-11D3-BF4B-00C04F79EFBC}") = "11-structkavrami", "11-structkavrami\11-structkavrami.csproj", "{4B73393F-EAB2-465D-8CFE-3C14C2901BBC}"
EndProject
Project("{FAE04EC0-301F-11D3-BF4B-00C04F79EFBC}") = "12-HazirMetodlar", "12-HazirMetodlar\12-HazirMetodlar.csproj", "{D23C2664-CE14-4646-959D-9F0C056E8C78}"
EndProject
Global
	GlobalSection(SolutionConfigurationPlatforms) = preSolution
		Debug|Any CPU = Debug|Any CPU
		Release|Any CPU = Release|Any CPU
	EndGlobalSection
	GlobalSection(ProjectConfigurationPlatforms) = postSolution
		{30494E72-FA3B-48A7-A79D-68D5DD5984BF}.Debug|Any CPU.ActiveCfg = Debug|Any CPU
		{30494E72-FA3B-48A7-A79D-68D5DD5984BF}.Debug|Any CPU.Build.0 = Debug|Any CPU
		{30494E72-FA3B-48A7-A79D-68D5DD5984BF}.Release|Any CPU.ActiveCfg = Release|Any CPU
		{30494E72-FA3B-48A7-A79D-68D5DD5984BF}.Release|Any CPU.Build.0 = Release|Any CPU
		{4F59BDA8-D6B4-43CF-9288-2091C706E38A}.Debug|Any CPU.ActiveCfg = Debug|Any CPU
		{4F59BDA8-D6B4-43CF-9288-2091C706E38A}.Debug|Any CPU.Build.0 = Debug|Any CPU
		{4F59BDA8-D6B4-43CF-9288-2091C706E38A}.Release|Any CPU.ActiveCfg = Release|Any CPU
		{4F59BDA8-D6B4-43CF-9288-2091C706E38A}.Release|Any CPU.Build.0 = Release|Any CPU
		{702B8FC3-8AA9-46F5-BEF1-F59FC4628832}.Debug|Any CPU.ActiveCfg = Debug|Any CPU
		{702B8FC3-8AA9-46F5-BEF1-F59FC4628832}.Debug|Any CPU.Build.0 = Debug|Any CPU
		{702B8FC3-8AA9-46F5-BEF1-F59FC4628832}.Release|Any CPU.ActiveCfg = Release|Any CPU
		{702B8FC3-8AA9-46F5-BEF1-F59FC4628832}.Release|Any CPU.Build.0 = Release|Any CPU
		{6B1146C9-6748-4058-B79D-38D92F37643D}.Debug|Any CPU.ActiveCfg = Debug|Any CPU
		{6B1146C9-6748-4058-B79D-38D92F37643D}.Debug|Any CPU.Build.0 = Debug|Any CPU
		{6B1146C9-6748-4058-B79D-38D92F37643D}.Release|Any CPU.ActiveCfg = Release|Any CPU
		{6B1146C9-6748-4058-B79D-38D92F37643D}.Release|Any CPU.Build.0 = Release|Any CPU
		{1A1BA847-1319-4DAB-96A3-A32536D220FB}.Debug|Any CPU.ActiveCfg = Debug|Any CPU
		{1A1BA847-1319-4DAB-96A3-A32536D220FB}.Debug|Any CPU.Build.0 = Debug|Any CPU
		{1A1BA847-1319-4DAB-96A3-A32536D220FB}.Release|Any CPU.ActiveCfg = Release|Any CPU
		{1A1BA847-1319-4DAB-96A3-A32536D220FB}.Release|Any CPU.Build.0 = Release|Any CPU
		{4BBA208D-2BD3-4B03-B79A-41F40EB2A3B4}.Debug|Any CPU.ActiveCfg = Debug|Any CPU
		{4BBA208D-2BD3-4B03-B79A-41F40EB2A3B4}.Debug|Any CPU.Build.0 = Debug|Any CPU
		{4BBA208D-2BD3-4B03-B79A-41F40EB2A3B4}.Release|Any CPU.ActiveCfg = Release|Any CPU
		{4BBA208D-2BD3-4B03-B79A-41F40EB2A3B4}.Release|Any CPU.Build.0 = Release|Any CPU
		{4B73393F-EAB2-465D-8CFE-3C14C2901BBC}.Debug|Any CPU.ActiveCfg = Debug|Any CPU
		{4B73393F-EAB2-465D-8CFE-3C14C2901BBC}.Debug|Any CPU.Build.0 = Debug|Any CPU
		{4B73393F-EAB2-465D-8CFE-3C14C2901BBC}.Release|Any CPU.ActiveCfg = Release|Any CPU
		{4B73393F-EAB2-465D-8CFE-3C14C2901BBC}.Release|Any CPU.Build.0 = Release|Any CPU
		{D23C2664-CE14-4646-959D-9F0C056E8C78}.Debug|Any CPU.ActiveCfg = Debug|Any CPU
		{D23C2664-CE14-4646-959D-9F0C056E8C78}.Debug|Any CPU.Build.0 = Debug|Any CPU
		{D23C2664-CE14-4646-959D-9F0C056E8C78}.Release|Any CPU.ActiveCfg = Release|Any CPU
		{D23C2664-CE14-4646-959D-9F0C056E8C78}.Release|Any CPU.Build.0 = Release|Any CPU
	EndGlobalSection
	GlobalSection(SolutionProperties) = preSolution
		HideSolutionNode = FALSE
	EndGlobalSection
EndGlobal
